
Microsoft Visual Studio Solution File, Format Version 12.00
# Visual Studio Version 17
VisualStudioVersion = 17.0.32014.148
MinimumVisualStudioVersion = 10.0.40219.1
Project("{FAE04EC0-301F-11D3-BF4B-00C04F79EFBC}") = "AspTutorial", "AspTutorial\AspTutorial.csproj", "{BA77B435-65AB-4B3C-84ED-3C6EE2D281F0}"
EndProject
Global
	GlobalSection(SolutionConfigurationPlatforms) = preSolution
		Debug|Any CPU = Debug|Any CPU
		Release|Any CPU = Release|Any CPU
	EndGlobalSection
	GlobalSection(ProjectConfigurationPlatforms) = postSolution
		{BA77B435-65AB-4B3C-84ED-3C6EE2D281F0}.Debug|Any CPU.ActiveCfg = Debug|Any CPU
		{BA77B435-65AB-4B3C-84ED-3C6EE2D281F0}.Debug|Any CPU.Build.0 = Debug|Any CPU
		{BA77B435-65AB-4B3C-84ED-3C6EE2D281F0}.Release|Any CPU.ActiveCfg = Release|Any CPU
		{BA77B435-65AB-4B3C-84ED-3C6EE2D281F0}.Release|Any CPU.Build.0 = Release|Any CPU
	EndGlobalSection
	GlobalSection(SolutionProperties) = preSolution
		HideSolutionNode = FALSE
	EndGlobalSection
	GlobalSection(ExtensibilityGlobals) = postSolution
		SolutionGuid = {DBE9D0E9-787F-4719-84B6-411D965D36C5}
	EndGlobalSection
EndGlobal
